
Microsoft Visual Studio Solution File, Format Version 12.00
# Visual Studio 15
VisualStudioVersion = 15.0.28307.271
MinimumVisualStudioVersion = 10.0.40219.1
Project("{9A19103F-16F7-4668-BE54-9A1E7A4F7556}") = "04.PrintAndSum", "04.PrintAndSum\04.PrintAndSum.csproj", "{7144BBA5-D02B-4100-AA45-0673FFBBE47D}"
EndProject
Project("{9A19103F-16F7-4668-BE54-9A1E7A4F7556}") = "05.Login", "05.Login\05.Login.csproj", "{5F61C1A3-DD9D-4000-82A0-FEE4488224BB}"
EndProject
Project("{FAE04EC0-301F-11D3-BF4B-00C04F79EFBC}") = "06.StrongNumbers", "..\..\..\..\Desktop\C#\06.StrongNumbers\06.StrongNumbers.csproj", "{F35A5935-AC46-4033-8156-01EEDA77F084}"
EndProject
Project("{FAE04EC0-301F-11D3-BF4B-00C04F79EFBC}") = "09.JediAcademy", "09.JediAcademy\09.JediAcademy.csproj", "{7F25EC74-B180-4967-BFAB-D5C3A9F6C72A}"
EndProject
Project("{FAE04EC0-301F-11D3-BF4B-00C04F79EFBC}") = "10.Раге", "10.Раге\10.Раге.csproj", "{842D211C-2E9B-47A2-9DBD-F45203352EB2}"
EndProject
Project("{FAE04EC0-301F-11D3-BF4B-00C04F79EFBC}") = "01.SortNumbers", "01.SortNumbers\01.SortNumbers.csproj", "{8D3DC454-3A82-49DE-BCD9-5E208A42CE40}"
EndProject
Global
	GlobalSection(SolutionConfigurationPlatforms) = preSolution
		Debug|Any CPU = Debug|Any CPU
		Debug|ARM = Debug|ARM
		Debug|ARM64 = Debug|ARM64
		Debug|x64 = Debug|x64
		Debug|x86 = Debug|x86
		Release|Any CPU = Release|Any CPU
		Release|ARM = Release|ARM
		Release|ARM64 = Release|ARM64
		Release|x64 = Release|x64
		Release|x86 = Release|x86
	EndGlobalSection
	GlobalSection(ProjectConfigurationPlatforms) = postSolution
		{7144BBA5-D02B-4100-AA45-0673FFBBE47D}.Debug|Any CPU.ActiveCfg = Debug|Any CPU
		{7144BBA5-D02B-4100-AA45-0673FFBBE47D}.Debug|Any CPU.Build.0 = Debug|Any CPU
		{7144BBA5-D02B-4100-AA45-0673FFBBE47D}.Debug|ARM.ActiveCfg = Debug|Any CPU
		{7144BBA5-D02B-4100-AA45-0673FFBBE47D}.Debug|ARM.Build.0 = Debug|Any CPU
		{7144BBA5-D02B-4100-AA45-0673FFBBE47D}.Debug|ARM64.ActiveCfg = Debug|Any CPU
		{7144BBA5-D02B-4100-AA45-0673FFBBE47D}.Debug|ARM64.Build.0 = Debug|Any CPU
		{7144BBA5-D02B-4100-AA45-0673FFBBE47D}.Debug|x64.ActiveCfg = Debug|Any CPU
		{7144BBA5-D02B-4100-AA45-0673FFBBE47D}.Debug|x64.Build.0 = Debug|Any CPU
		{7144BBA5-D02B-4100-AA45-0673FFBBE47D}.Debug|x86.ActiveCfg = Debug|Any CPU
		{7144BBA5-D02B-4100-AA45-0673FFBBE47D}.Debug|x86.Build.0 = Debug|Any CPU
		{7144BBA5-D02B-4100-AA45-0673FFBBE47D}.Release|Any CPU.ActiveCfg = Release|Any CPU
		{7144BBA5-D02B-4100-AA45-0673FFBBE47D}.Release|Any CPU.Build.0 = Release|Any CPU
		{7144BBA5-D02B-4100-AA45-0673FFBBE47D}.Release|ARM.ActiveCfg = Release|Any CPU
		{7144BBA5-D02B-4100-AA45-0673FFBBE47D}.Release|ARM.Build.0 = Release|Any CPU
		{7144BBA5-D02B-4100-AA45-0673FFBBE47D}.Release|ARM64.ActiveCfg = Release|Any CPU
		{7144BBA5-D02B-4100-AA45-0673FFBBE47D}.Release|ARM64.Build.0 = Release|Any CPU
		{7144BBA5-D02B-4100-AA45-0673FFBBE47D}.Release|x64.ActiveCfg = Release|Any CPU
		{7144BBA5-D02B-4100-AA45-0673FFBBE47D}.Release|x64.Build.0 = Release|Any CPU
		{7144BBA5-D02B-4100-AA45-0673FFBBE47D}.Release|x86.ActiveCfg = Release|Any CPU
		{7144BBA5-D02B-4100-AA45-0673FFBBE47D}.Release|x86.Build.0 = Release|Any CPU
		{5F61C1A3-DD9D-4000-82A0-FEE4488224BB}.Debug|Any CPU.ActiveCfg = Debug|Any CPU
		{5F61C1A3-DD9D-4000-82A0-FEE4488224BB}.Debug|Any CPU.Build.0 = Debug|Any CPU
		{5F61C1A3-DD9D-4000-82A0-FEE4488224BB}.Debug|ARM.ActiveCfg = Debug|Any CPU
		{5F61C1A3-DD9D-4000-82A0-FEE4488224BB}.Debug|ARM.Build.0 = Debug|Any CPU
		{5F61C1A3-DD9D-4000-82A0-FEE4488224BB}.Debug|ARM64.ActiveCfg = Debug|Any CPU
		{5F61C1A3-DD9D-4000-82A0-FEE4488224BB}.Debug|ARM64.Build.0 = Debug|Any CPU
		{5F61C1A3-DD9D-4000-82A0-FEE4488224BB}.Debug|x64.ActiveCfg = Debug|Any CPU
		{5F61C1A3-DD9D-4000-82A0-FEE4488224BB}.Debug|x64.Build.0 = Debug|Any CPU
		{5F61C1A3-DD9D-4000-82A0-FEE4488224BB}.Debug|x86.ActiveCfg = Debug|Any CPU
		{5F61C1A3-DD9D-4000-82A0-FEE4488224BB}.Debug|x86.Build.0 = Debug|Any CPU
		{5F61C1A3-DD9D-4000-82A0-FEE4488224BB}.Release|Any CPU.ActiveCfg = Release|Any CPU
		{5F61C1A3-DD9D-4000-82A0-FEE4488224BB}.Release|Any CPU.Build.0 = Release|Any CPU
		{5F61C1A3-DD9D-4000-82A0-FEE4488224BB}.Release|ARM.ActiveCfg = Release|Any CPU
		{5F61C1A3-DD9D-4000-82A0-FEE4488224BB}.Release|ARM.Build.0 = Release|Any CPU
		{5F61C1A3-DD9D-4000-82A0-FEE4488224BB}.Release|ARM64.ActiveCfg = Release|Any CPU
		{5F61C1A3-DD9D-4000-82A0-FEE4488224BB}.Release|ARM64.Build.0 = Release|Any CPU
		{5F61C1A3-DD9D-4000-82A0-FEE4488224BB}.Release|x64.ActiveCfg = Release|Any CPU
		{5F61C1A3-DD9D-4000-82A0-FEE4488224BB}.Release|x64.Build.0 = Release|Any CPU
		{5F61C1A3-DD9D-4000-82A0-FEE4488224BB}.Release|x86.ActiveCfg = Release|Any CPU
		{5F61C1A3-DD9D-4000-82A0-FEE4488224BB}.Release|x86.Build.0 = Release|Any CPU
		{F35A5935-AC46-4033-8156-01EEDA77F084}.Debug|Any CPU.ActiveCfg = Debug|Any CPU
		{F35A5935-AC46-4033-8156-01EEDA77F084}.Debug|Any CPU.Build.0 = Debug|Any CPU
		{F35A5935-AC46-4033-8156-01EEDA77F084}.Debug|ARM.ActiveCfg = Debug|Any CPU
		{F35A5935-AC46-4033-8156-01EEDA77F084}.Debug|ARM.Build.0 = Debug|Any CPU
		{F35A5935-AC46-4033-8156-01EEDA77F084}.Debug|ARM64.ActiveCfg = Debug|Any CPU
		{F35A5935-AC46-4033-8156-01EEDA77F084}.Debug|ARM64.Build.0 = Debug|Any CPU
		{F35A5935-AC46-4033-8156-01EEDA77F084}.Debug|x64.ActiveCfg = Debug|Any CPU
		{F35A5935-AC46-4033-8156-01EEDA77F084}.Debug|x64.Build.0 = Debug|Any CPU
		{F35A5935-AC46-4033-8156-01EEDA77F084}.Debug|x86.ActiveCfg = Debug|Any CPU
		{F35A5935-AC46-4033-8156-01EEDA77F084}.Debug|x86.Build.0 = Debug|Any CPU
		{F35A5935-AC46-4033-8156-01EEDA77F084}.Release|Any CPU.ActiveCfg = Release|Any CPU
		{F35A5935-AC46-4033-8156-01EEDA77F084}.Release|Any CPU.Build.0 = Release|Any CPU
		{F35A5935-AC46-4033-8156-01EEDA77F084}.Release|ARM.ActiveCfg = Release|Any CPU
		{F35A5935-AC46-4033-8156-01EEDA77F084}.Release|ARM.Build.0 = Release|Any CPU
		{F35A5935-AC46-4033-8156-01EEDA77F084}.Release|ARM64.ActiveCfg = Release|Any CPU
		{F35A5935-AC46-4033-8156-01EEDA77F084}.Release|ARM64.Build.0 = Release|Any CPU
		{F35A5935-AC46-4033-8156-01EEDA77F084}.Release|x64.ActiveCfg = Release|Any CPU
		{F35A5935-AC46-4033-8156-01EEDA77F084}.Release|x64.Build.0 = Release|Any CPU
		{F35A5935-AC46-4033-8156-01EEDA77F084}.Release|x86.ActiveCfg = Release|Any CPU
		{F35A5935-AC46-4033-8156-01EEDA77F084}.Release|x86.Build.0 = Release|Any CPU
		{7F25EC74-B180-4967-BFAB-D5C3A9F6C72A}.Debug|Any CPU.ActiveCfg = Debug|Any CPU
		{7F25EC74-B180-4967-BFAB-D5C3A9F6C72A}.Debug|Any CPU.Build.0 = Debug|Any CPU
		{7F25EC74-B180-4967-BFAB-D5C3A9F6C72A}.Debug|ARM.ActiveCfg = Debug|Any CPU
		{7F25EC74-B180-4967-BFAB-D5C3A9F6C72A}.Debug|ARM.Build.0 = Debug|Any CPU
		{7F25EC74-B180-4967-BFAB-D5C3A9F6C72A}.Debug|ARM64.ActiveCfg = Debug|Any CPU
		{7F25EC74-B180-4967-BFAB-D5C3A9F6C72A}.Debug|ARM64.Build.0 = Debug|Any CPU
		{7F25EC74-B180-4967-BFAB-D5C3A9F6C72A}.Debug|x64.ActiveCfg = Debug|Any CPU
		{7F25EC74-B180-4967-BFAB-D5C3A9F6C72A}.Debug|x64.Build.0 = Debug|Any CPU
		{7F25EC74-B180-4967-BFAB-D5C3A9F6C72A}.Debug|x86.ActiveCfg = Debug|Any CPU
		{7F25EC74-B180-4967-BFAB-D5C3A9F6C72A}.Debug|x86.Build.0 = Debug|Any CPU
		{7F25EC74-B180-4967-BFAB-D5C3A9F6C72A}.Release|Any CPU.ActiveCfg = Release|Any CPU
		{7F25EC74-B180-4967-BFAB-D5C3A9F6C72A}.Release|Any CPU.Build.0 = Release|Any CPU
		{7F25EC74-B180-4967-BFAB-D5C3A9F6C72A}.Release|ARM.ActiveCfg = Release|Any CPU
		{7F25EC74-B180-4967-BFAB-D5C3A9F6C72A}.Release|ARM.Build.0 = Release|Any CPU
		{7F25EC74-B180-4967-BFAB-D5C3A9F6C72A}.Release|ARM64.ActiveCfg = Release|Any CPU
		{7F25EC74-B180-4967-BFAB-D5C3A9F6C72A}.Release|ARM64.Build.0 = Release|Any CPU
		{7F25EC74-B180-4967-BFAB-D5C3A9F6C72A}.Release|x64.ActiveCfg = Release|Any CPU
		{7F25EC74-B180-4967-BFAB-D5C3A9F6C72A}.Release|x64.Build.0 = Release|Any CPU
		{7F25EC74-B180-4967-BFAB-D5C3A9F6C72A}.Release|x86.ActiveCfg = Release|Any CPU
		{7F25EC74-B180-4967-BFAB-D5C3A9F6C72A}.Release|x86.Build.0 = Release|Any CPU
		{842D211C-2E9B-47A2-9DBD-F45203352EB2}.Debug|Any CPU.ActiveCfg = Debug|Any CPU
		{842D211C-2E9B-47A2-9DBD-F45203352EB2}.Debug|Any CPU.Build.0 = Debug|Any CPU
		{842D211C-2E9B-47A2-9DBD-F45203352EB2}.Debug|ARM.ActiveCfg = Debug|Any CPU
		{842D211C-2E9B-47A2-9DBD-F45203352EB2}.Debug|ARM.Build.0 = Debug|Any CPU
		{842D211C-2E9B-47A2-9DBD-F45203352EB2}.Debug|ARM64.ActiveCfg = Debug|Any CPU
		{842D211C-2E9B-47A2-9DBD-F45203352EB2}.Debug|ARM64.Build.0 = Debug|Any CPU
		{842D211C-2E9B-47A2-9DBD-F45203352EB2}.Debug|x64.ActiveCfg = Debug|Any CPU
		{842D211C-2E9B-47A2-9DBD-F45203352EB2}.Debug|x64.Build.0 = Debug|Any CPU
		{842D211C-2E9B-47A2-9DBD-F45203352EB2}.Debug|x86.ActiveCfg = Debug|Any CPU
		{842D211C-2E9B-47A2-9DBD-F45203352EB2}.Debug|x86.Build.0 = Debug|Any CPU
		{842D211C-2E9B-47A2-9DBD-F45203352EB2}.Release|Any CPU.ActiveCfg = Release|Any CPU
		{842D211C-2E9B-47A2-9DBD-F45203352EB2}.Release|Any CPU.Build.0 = Release|Any CPU
		{842D211C-2E9B-47A2-9DBD-F45203352EB2}.Release|ARM.ActiveCfg = Release|Any CPU
		{842D211C-2E9B-47A2-9DBD-F45203352EB2}.Release|ARM.Build.0 = Release|Any CPU
		{842D211C-2E9B-47A2-9DBD-F45203352EB2}.Release|ARM64.ActiveCfg = Release|Any CPU
		{842D211C-2E9B-47A2-9DBD-F45203352EB2}.Release|ARM64.Build.0 = Release|Any CPU
		{842D211C-2E9B-47A2-9DBD-F45203352EB2}.Release|x64.ActiveCfg = Release|Any CPU
		{842D211C-2E9B-47A2-9DBD-F45203352EB2}.Release|x64.Build.0 = Release|Any CPU
		{842D211C-2E9B-47A2-9DBD-F45203352EB2}.Release|x86.ActiveCfg = Release|Any CPU
		{842D211C-2E9B-47A2-9DBD-F45203352EB2}.Release|x86.Build.0 = Release|Any CPU
		{8D3DC454-3A82-49DE-BCD9-5E208A42CE40}.Debug|Any CPU.ActiveCfg = Debug|Any CPU
		{8D3DC454-3A82-49DE-BCD9-5E208A42CE40}.Debug|Any CPU.Build.0 = Debug|Any CPU
		{8D3DC454-3A82-49DE-BCD9-5E208A42CE40}.Debug|ARM.ActiveCfg = Debug|Any CPU
		{8D3DC454-3A82-49DE-BCD9-5E208A42CE40}.Debug|ARM.Build.0 = Debug|Any CPU
		{8D3DC454-3A82-49DE-BCD9-5E208A42CE40}.Debug|ARM64.ActiveCfg = Debug|Any CPU
		{8D3DC454-3A82-49DE-BCD9-5E208A42CE40}.Debug|ARM64.Build.0 = Debug|Any CPU
		{8D3DC454-3A82-49DE-BCD9-5E208A42CE40}.Debug|x64.ActiveCfg = Debug|Any CPU
		{8D3DC454-3A82-49DE-BCD9-5E208A42CE40}.Debug|x64.Build.0 = Debug|Any CPU
		{8D3DC454-3A82-49DE-BCD9-5E208A42CE40}.Debug|x86.ActiveCfg = Debug|Any CPU
		{8D3DC454-3A82-49DE-BCD9-5E208A42CE40}.Debug|x86.Build.0 = Debug|Any CPU
		{8D3DC454-3A82-49DE-BCD9-5E208A42CE40}.Release|Any CPU.ActiveCfg = Release|Any CPU
		{8D3DC454-3A82-49DE-BCD9-5E208A42CE40}.Release|Any CPU.Build.0 = Release|Any CPU
		{8D3DC454-3A82-49DE-BCD9-5E208A42CE40}.Release|ARM.ActiveCfg = Release|Any CPU
		{8D3DC454-3A82-49DE-BCD9-5E208A42CE40}.Release|ARM.Build.0 = Release|Any CPU
		{8D3DC454-3A82-49DE-BCD9-5E208A42CE40}.Release|ARM64.ActiveCfg = Release|Any CPU
		{8D3DC454-3A82-49DE-BCD9-5E208A42CE40}.Release|ARM64.Build.0 = Release|Any CPU
		{8D3DC454-3A82-49DE-BCD9-5E208A42CE40}.Release|x64.ActiveCfg = Release|Any CPU
		{8D3DC454-3A82-49DE-BCD9-5E208A42CE40}.Release|x64.Build.0 = Release|Any CPU
		{8D3DC454-3A82-49DE-BCD9-5E208A42CE40}.Release|x86.ActiveCfg = Release|Any CPU
		{8D3DC454-3A82-49DE-BCD9-5E208A42CE40}.Release|x86.Build.0 = Release|Any CPU
	EndGlobalSection
	GlobalSection(SolutionProperties) = preSolution
		HideSolutionNode = FALSE
	EndGlobalSection
	GlobalSection(ExtensibilityGlobals) = postSolution
		SolutionGuid = {0C7B4E62-E637-4E79-BCD7-50DE9F172265}
	EndGlobalSection
EndGlobal
